{
  "name": "angular-maptalks",
  "version": "0.0.1",
  "lockfileVersion": 3,
  "requires": true,
  "packages": {
    "": {
      "name": "angular-maptalks",
      "version": "0.0.1",
      "dependencies": {
        "maptalks": "^1.0.0-rc.37",
        "tslib": "^2.7.0"
      },
      "peerDependencies": {
        "@angular/common": "^16.2.0",
        "@angular/core": "^16.2.0"
      }
    },
    "node_modules/@angular/common": {
      "version": "16.2.12",
      "resolved": "https://registry.npmjs.org/@angular/common/-/common-16.2.12.tgz",
      "integrity": "sha512-B+WY/cT2VgEaz9HfJitBmgdk4I333XG/ybC98CMC4Wz8E49T8yzivmmxXB3OD6qvjcOB6ftuicl6WBqLbZNg2w==",
      "license": "MIT",
      "peer": true,
      "dependencies": {
        "tslib": "^2.3.0"
      },
      "engines": {
        "node": "^16.14.0 || >=18.10.0"
      },
      "peerDependencies": {
        "@angular/core": "16.2.12",
        "rxjs": "^6.5.3 || ^7.4.0"
      }
    },
    "node_modules/@angular/core": {
      "version": "16.2.12",
      "resolved": "https://registry.npmjs.org/@angular/core/-/core-16.2.12.tgz",
      "integrity": "sha512-GLLlDeke/NjroaLYOks0uyzFVo6HyLl7VOm0K1QpLXnYvW63W9Ql/T3yguRZa7tRkOAeFZ3jw+1wnBD4O8MoUA==",
      "license": "MIT",
      "peer": true,
      "dependencies": {
        "tslib": "^2.3.0"
      },
      "engines": {
        "node": "^16.14.0 || >=18.10.0"
      },
      "peerDependencies": {
        "rxjs": "^6.5.3 || ^7.4.0",
        "zone.js": "~0.13.0"
      }
    },
    "node_modules/@maptalks/feature-filter": {
      "version": "1.3.0",
      "resolved": "https://registry.npmjs.org/@maptalks/feature-filter/-/feature-filter-1.3.0.tgz",
      "integrity": "sha512-O6GcFzPuCbz6bO4TNBnmP8VunS0GexTzZ4m36A4HbYQICY1cplpFgntX2fyB/TY3cZrFRGoeMePBeMZFMOOhcQ=="
    },
    "node_modules/@maptalks/function-type": {
      "version": "1.3.1",
      "resolved": "https://registry.npmjs.org/@maptalks/function-type/-/function-type-1.3.1.tgz",
      "integrity": "sha512-VoKE84IDhAn1Co25IVggptNzZdQ3fPUCRlw8+SBxyW8ATT45kFDqYECktqnNW445h44tT+3Ge5fyP+dHVCDP6g==",
      "dependencies": {
        "colorin": "^0.2.0"
      }
    },
    "node_modules/@rollup/rollup-darwin-x64": {
      "version": "4.21.0",
      "resolved": "https://registry.npmjs.org/@rollup/rollup-darwin-x64/-/rollup-darwin-x64-4.21.0.tgz",
      "integrity": "sha512-7doS8br0xAkg48SKE2QNtMSFPFUlRdw9+votl27MvT46vo44ATBmdZdGysOevNELmZlfd+NEa0UYOA8f01WSrg==",
      "cpu": [
        "x64"
      ],
      "license": "MIT",
      "optional": true,
      "os": [
        "darwin"
      ]
    },
    "node_modules/@rollup/rollup-linux-x64-gnu": {
      "version": "4.21.0",
      "resolved": "https://registry.npmjs.org/@rollup/rollup-linux-x64-gnu/-/rollup-linux-x64-gnu-4.21.0.tgz",
      "integrity": "sha512-e2hrvElFIh6kW/UNBQK/kzqMNY5mO+67YtEh9OA65RM5IJXYTWiXjX6fjIiPaqOkBthYF1EqgiZ6OXKcQsM0hg==",
      "cpu": [
        "x64"
      ],
      "license": "MIT",
      "optional": true,
      "os": [
        "linux"
      ]
    },
    "node_modules/colorin": {
      "version": "0.2.0",
      "resolved": "https://registry.npmjs.org/colorin/-/colorin-0.2.0.tgz",
      "integrity": "sha512-sdsDdBwR1PF5fMABS1p7tyy0LRk4mAkw4BUI+zjXlmhQ9nQnjnHOOe9e099F4FxfJl0DHCbvgabR2w4/zTajyw==",
      "license": "MIT"
    },
    "node_modules/frustum-intersects": {
      "version": "0.1.0",
      "resolved": "https://registry.npmjs.org/frustum-intersects/-/frustum-intersects-0.1.0.tgz",
      "integrity": "sha512-W0S6dmX5LJLtamimyuKhvbkpDTm5eVfMgk4X9yXNyWQ1zZ/cMm0PZoeX9Pm0tL302l+erQVrdfRGhV3ILfeTeQ==",
      "license": "MIT"
    },
    "node_modules/lineclip": {
      "version": "1.1.5",
      "resolved": "https://registry.npmjs.org/lineclip/-/lineclip-1.1.5.tgz",
      "integrity": "sha512-KlA/wRSjpKl7tS9iRUdlG72oQ7qZ1IlVbVgHwoO10TBR/4gQ86uhKow6nlzMAJJhjCWKto8OeoAzzIzKSmN25A==",
      "license": "ISC"
    },
    "node_modules/maptalks": {
      "version": "1.0.0-rc.37",
      "resolved": "https://registry.npmjs.org/maptalks/-/maptalks-1.0.0-rc.37.tgz",
      "integrity": "sha512-Zn1pjS0wgnYJBGQBt656QoeCaLj5SnUIPwV8i8eAhpQj6oln5rEwKSBnUjO8RqqEmeGjgP11kssXjKUDd2FTxw==",
      "license": "BSD-3-Clause",
      "dependencies": {
        "@maptalks/feature-filter": "^1.3.0",
        "@maptalks/function-type": "^1.3.1",
        "frustum-intersects": "^0.1.0",
        "lineclip": "^1.1.5",
        "rbush": "^2.0.2",
        "simplify-js": "^1.2.1"
      },
      "optionalDependencies": {
        "@rollup/rollup-darwin-x64": "^4.13.0",
        "@rollup/rollup-linux-x64-gnu": "^4.13.0"
      }
    },
    "node_modules/quickselect": {
      "version": "1.1.1",
      "resolved": "https://registry.npmjs.org/quickselect/-/quickselect-1.1.1.tgz",
      "integrity": "sha512-qN0Gqdw4c4KGPsBOQafj6yj/PA6c/L63f6CaZ/DCF/xF4Esu3jVmKLUDYxghFx8Kb/O7y9tI7x2RjTSXwdK1iQ==",
      "license": "ISC"
    },
    "node_modules/rbush": {
      "version": "2.0.2",
      "resolved": "https://registry.npmjs.org/rbush/-/rbush-2.0.2.tgz",
      "integrity": "sha512-XBOuALcTm+O/H8G90b6pzu6nX6v2zCKiFG4BJho8a+bY6AER6t8uQUZdi5bomQc0AprCWhEGa7ncAbbRap0bRA==",
      "license": "MIT",
      "dependencies": {
        "quickselect": "^1.0.1"
      }
    },
    "node_modules/rxjs": {
      "version": "7.8.1",
      "resolved": "https://registry.npmjs.org/rxjs/-/rxjs-7.8.1.tgz",
      "integrity": "sha512-AA3TVj+0A2iuIoQkWEK/tqFjBq2j+6PO6Y0zJcvzLAFhEFIO3HL0vls9hWLncZbAAbK0mar7oZ4V079I/qPMxg==",
      "license": "Apache-2.0",
      "peer": true,
      "dependencies": {
        "tslib": "^2.1.0"
      }
    },
    "node_modules/simplify-js": {
      "version": "1.2.4",
      "resolved": "https://registry.npmjs.org/simplify-js/-/simplify-js-1.2.4.tgz",
      "integrity": "sha512-vITfSlwt7h/oyrU42R83mtzFpwYk3+mkH9bOHqq/Qw6n8rtR7aE3NZQ5fbcyCUVVmuMJR6ynsAhOfK2qoah8Jg==",
      "license": "BSD-2-Clause"
    },
    "node_modules/tslib": {
      "version": "2.7.0",
      "resolved": "https://registry.npmjs.org/tslib/-/tslib-2.7.0.tgz",
      "integrity": "sha512-gLXCKdN1/j47AiHiOkJN69hJmcbGTHI0ImLmbYLHykhgeN0jVGola9yVjFgzCUklsZQMW55o+dW7IXv3RCXDzA==",
      "license": "0BSD"
    },
    "node_modules/zone.js": {
      "version": "0.13.3",
      "resolved": "https://registry.npmjs.org/zone.js/-/zone.js-0.13.3.tgz",
      "integrity": "sha512-MKPbmZie6fASC/ps4dkmIhaT5eonHkEt6eAy80K42tAm0G2W+AahLJjbfi6X9NPdciOE9GRFTTM8u2IiF6O3ww==",
      "license": "MIT",
      "peer": true,
      "dependencies": {
        "tslib": "^2.3.0"
      }
    }
  }
}
